{
    "hash": "984e584d379890930a254740d77fe1a6",
    "packages": [
        {
            "package": "kriswallsmith/buzz",
            "version": "dev-master",
            "source-reference": "83147864bfac8d47a56ac26b901b8f39ef078489"
        },
        {
            "package": "symfony/browser-kit",
            "version": "dev-master",
            "source-reference": "f03173e232da5d84eb799cad5d57354e6541b0f8"
        },
        {
            "package": "symfony/console",
            "version": "dev-master",
            "source-reference": "8c69d3a3e26885cad132a38ab0d7f287fb975296"
        },
        {
            "package": "symfony/css-selector",
            "version": "dev-master",
            "source-reference": "dd695aadd80d8e6e726a7a050535c04325cefa02"
        },
        {
            "package": "symfony/dom-crawler",
            "version": "dev-master",
            "source-reference": "69b857977d96e4c726be5524fa00370aef5e9b20"
        }
    ],
    "packages-dev": null,
    "aliases": []
}
